
Microsoft Visual Studio Solution File, Format Version 12.00
# Visual Studio Version 17
VisualStudioVersion = 17.8.34511.84
MinimumVisualStudioVersion = 10.0.40219.1
Project("{9A19103F-16F7-4668-BE54-9A1E7A4F7556}") = "BookStore", "BookStore.csproj", "{79388FEA-EAF9-42E3-87B2-87C0A0B2B4CE}"
EndProject
Project("{FAE04EC0-301F-11D3-BF4B-00C04F79EFBC}") = "BookStore.Test", "..\BookStore.Test\BookStore.Test.csproj", "{79EF7588-BA14-431A-8522-0BACF3126C3D}"
EndProject
Project("{FAE04EC0-301F-11D3-BF4B-00C04F79EFBC}") = "BookStore.ConsoleApp", "..\BookStore.Console\BookStore.ConsoleApp.csproj", "{B393EF9D-8E0C-491D-ACCD-C6958A4E2A18}"
EndProject
Global
	GlobalSection(SolutionConfigurationPlatforms) = preSolution
		Debug|Any CPU = Debug|Any CPU
		Release|Any CPU = Release|Any CPU
	EndGlobalSection
	GlobalSection(ProjectConfigurationPlatforms) = postSolution
		{79388FEA-EAF9-42E3-87B2-87C0A0B2B4CE}.Debug|Any CPU.ActiveCfg = Debug|Any CPU
		{79388FEA-EAF9-42E3-87B2-87C0A0B2B4CE}.Debug|Any CPU.Build.0 = Debug|Any CPU
		{79388FEA-EAF9-42E3-87B2-87C0A0B2B4CE}.Release|Any CPU.ActiveCfg = Release|Any CPU
		{79388FEA-EAF9-42E3-87B2-87C0A0B2B4CE}.Release|Any CPU.Build.0 = Release|Any CPU
		{79EF7588-BA14-431A-8522-0BACF3126C3D}.Debug|Any CPU.ActiveCfg = Debug|Any CPU
		{79EF7588-BA14-431A-8522-0BACF3126C3D}.Debug|Any CPU.Build.0 = Debug|Any CPU
		{79EF7588-BA14-431A-8522-0BACF3126C3D}.Release|Any CPU.ActiveCfg = Release|Any CPU
		{79EF7588-BA14-431A-8522-0BACF3126C3D}.Release|Any CPU.Build.0 = Release|Any CPU
		{B393EF9D-8E0C-491D-ACCD-C6958A4E2A18}.Debug|Any CPU.ActiveCfg = Debug|Any CPU
		{B393EF9D-8E0C-491D-ACCD-C6958A4E2A18}.Debug|Any CPU.Build.0 = Debug|Any CPU
		{B393EF9D-8E0C-491D-ACCD-C6958A4E2A18}.Release|Any CPU.ActiveCfg = Release|Any CPU
		{B393EF9D-8E0C-491D-ACCD-C6958A4E2A18}.Release|Any CPU.Build.0 = Release|Any CPU
	EndGlobalSection
	GlobalSection(SolutionProperties) = preSolution
		HideSolutionNode = FALSE
	EndGlobalSection
	GlobalSection(ExtensibilityGlobals) = postSolution
		SolutionGuid = {706B3A8E-7A8C-4D58-A683-D5AA385E77CE}
	EndGlobalSection
EndGlobal
