
Microsoft Visual Studio Solution File, Format Version 12.00
# Visual Studio Version 17
VisualStudioVersion = 17.8.34511.84
MinimumVisualStudioVersion = 10.0.40219.1
Project("{FAE04EC0-301F-11D3-BF4B-00C04F79EFBC}") = "BookStoreWebApp", "BookStoreWebApp\BookStoreWebApp.csproj", "{645CCFC0-3935-49D1-89DD-D290E962085E}"
EndProject
Project("{9A19103F-16F7-4668-BE54-9A1E7A4F7556}") = "BookStore", "BookStore\BookStore.csproj", "{87497D94-E47A-4128-B54B-D5225D497D7C}"
EndProject
Global
	GlobalSection(SolutionConfigurationPlatforms) = preSolution
		Debug|Any CPU = Debug|Any CPU
		Release|Any CPU = Release|Any CPU
	EndGlobalSection
	GlobalSection(ProjectConfigurationPlatforms) = postSolution
		{645CCFC0-3935-49D1-89DD-D290E962085E}.Debug|Any CPU.ActiveCfg = Debug|Any CPU
		{645CCFC0-3935-49D1-89DD-D290E962085E}.Debug|Any CPU.Build.0 = Debug|Any CPU
		{645CCFC0-3935-49D1-89DD-D290E962085E}.Release|Any CPU.ActiveCfg = Release|Any CPU
		{645CCFC0-3935-49D1-89DD-D290E962085E}.Release|Any CPU.Build.0 = Release|Any CPU
		{87497D94-E47A-4128-B54B-D5225D497D7C}.Debug|Any CPU.ActiveCfg = Debug|Any CPU
		{87497D94-E47A-4128-B54B-D5225D497D7C}.Debug|Any CPU.Build.0 = Debug|Any CPU
		{87497D94-E47A-4128-B54B-D5225D497D7C}.Release|Any CPU.ActiveCfg = Release|Any CPU
		{87497D94-E47A-4128-B54B-D5225D497D7C}.Release|Any CPU.Build.0 = Release|Any CPU
	EndGlobalSection
	GlobalSection(SolutionProperties) = preSolution
		HideSolutionNode = FALSE
	EndGlobalSection
	GlobalSection(ExtensibilityGlobals) = postSolution
		SolutionGuid = {AE7B2C0B-A3C6-48E3-BB45-493C9FF0EDD1}
	EndGlobalSection
EndGlobal
