
Microsoft Visual Studio Solution File, Format Version 12.00
# Visual Studio Version 17
VisualStudioVersion = 17.8.34511.84
MinimumVisualStudioVersion = 10.0.40219.1
Project("{FAE04EC0-301F-11D3-BF4B-00C04F79EFBC}") = "BlockBuster.WebApp", "BlockBuster.WebApp.csproj", "{DAF791FE-6D46-420C-AC0B-3DB450AB225F}"
EndProject
Global
	GlobalSection(SolutionConfigurationPlatforms) = preSolution
		Debug|Any CPU = Debug|Any CPU
		Release|Any CPU = Release|Any CPU
	EndGlobalSection
	GlobalSection(ProjectConfigurationPlatforms) = postSolution
		{DAF791FE-6D46-420C-AC0B-3DB450AB225F}.Debug|Any CPU.ActiveCfg = Debug|Any CPU
		{DAF791FE-6D46-420C-AC0B-3DB450AB225F}.Debug|Any CPU.Build.0 = Debug|Any CPU
		{DAF791FE-6D46-420C-AC0B-3DB450AB225F}.Release|Any CPU.ActiveCfg = Release|Any CPU
		{DAF791FE-6D46-420C-AC0B-3DB450AB225F}.Release|Any CPU.Build.0 = Release|Any CPU
	EndGlobalSection
	GlobalSection(SolutionProperties) = preSolution
		HideSolutionNode = FALSE
	EndGlobalSection
	GlobalSection(ExtensibilityGlobals) = postSolution
		SolutionGuid = {0DC841A4-60A7-417C-8232-F39574AECB96}
	EndGlobalSection
EndGlobal
